# generated by the installer — do not edit
AGENTS.md|region
.claude/agents/adversary.md|whole
.claude/agents/qa.md|whole
.claude/agents/security-brief.md|whole
.claude/commands/gate.md|whole
.claude/commands/release.md|whole
.claude/commands/seed.md|whole
.claude/commands/start.md|whole
.claude/commands/status.md|whole
.claude/hooks/session-start.sh|whole
CLAUDE.md|region
.claude/settings.json|once
docs/ARCHITECTURE.md|once
docs/CONTRIBUTING.md|once
docs/RELIABILITY.md|once
.harness/flow.md|whole
.harness/lib/apply-regions.sh|whole
.harness/lib/check-markers.sh|whole
.harness/lib/gate-protocol.md|whole
.harness/lib/harness-markers.md|whole
.harness/lib/regions.md|whole
.harness/scrutiny.toml|once
